
Microsoft Visual Studio Solution File, Format Version 12.00
# Visual Studio Version 16
VisualStudioVersion = 16.0.31624.102
MinimumVisualStudioVersion = 10.0.40219.1
Project("{FAE04EC0-301F-11D3-BF4B-00C04F79EFBC}") = "ObligatoriskOpgave4", "ObligatoriskOpgave4\ObligatoriskOpgave4.csproj", "{793B056D-C43E-45D3-BEBF-4A2EB76113FF}"
EndProject
Project("{9A19103F-16F7-4668-BE54-9A1E7A4F7556}") = "Opgave 1", "..\..\..\ObligatoriskOpgave1-ProgTek\Opgave 1\Opgave 1\Opgave 1\Opgave 1.csproj", "{37F0AB5F-0592-41D2-BADF-720714068E90}"
EndProject
Global
	GlobalSection(SolutionConfigurationPlatforms) = preSolution
		Debug|Any CPU = Debug|Any CPU
		Release|Any CPU = Release|Any CPU
	EndGlobalSection
	GlobalSection(ProjectConfigurationPlatforms) = postSolution
		{793B056D-C43E-45D3-BEBF-4A2EB76113FF}.Debug|Any CPU.ActiveCfg = Debug|Any CPU
		{793B056D-C43E-45D3-BEBF-4A2EB76113FF}.Debug|Any CPU.Build.0 = Debug|Any CPU
		{793B056D-C43E-45D3-BEBF-4A2EB76113FF}.Release|Any CPU.ActiveCfg = Release|Any CPU
		{793B056D-C43E-45D3-BEBF-4A2EB76113FF}.Release|Any CPU.Build.0 = Release|Any CPU
		{37F0AB5F-0592-41D2-BADF-720714068E90}.Debug|Any CPU.ActiveCfg = Debug|Any CPU
		{37F0AB5F-0592-41D2-BADF-720714068E90}.Debug|Any CPU.Build.0 = Debug|Any CPU
		{37F0AB5F-0592-41D2-BADF-720714068E90}.Release|Any CPU.ActiveCfg = Release|Any CPU
		{37F0AB5F-0592-41D2-BADF-720714068E90}.Release|Any CPU.Build.0 = Release|Any CPU
	EndGlobalSection
	GlobalSection(SolutionProperties) = preSolution
		HideSolutionNode = FALSE
	EndGlobalSection
	GlobalSection(ExtensibilityGlobals) = postSolution
		SolutionGuid = {C3C59BD6-922C-4735-B065-78C8834BD42D}
	EndGlobalSection
EndGlobal
